
Microsoft Visual Studio Solution File, Format Version 12.00
# Visual Studio Version 16
VisualStudioVersion = 16.0.32802.440
MinimumVisualStudioVersion = 10.0.40219.1
Project("{FAE04EC0-301F-11D3-BF4B-00C04F79EFBC}") = "FastBootFlashingXiaomi", "FastBootFlashingXiaomi\FastBootFlashingXiaomi.csproj", "{31C9834C-A2B0-00C4-1F60-BB66BA607819}"
EndProject
Project("{2150E333-8FDC-42A3-9474-1A3956D46DE8}") = "Solution Items", "Solution Items", "{0411D567-5CAD-43B5-9B60-BA3206CC4A43}"
	ProjectSection(SolutionItems) = preProject
		.editorconfig = .editorconfig
	EndProjectSection
EndProject
Global
	GlobalSection(SolutionConfigurationPlatforms) = preSolution
		Debug|Any CPU = Debug|Any CPU
		Release|Any CPU = Release|Any CPU
	EndGlobalSection
	GlobalSection(ProjectConfigurationPlatforms) = postSolution
		{31C9834C-A2B0-00C4-1F60-BB66BA607819}.Debug|Any CPU.ActiveCfg = Debug|Any CPU
		{31C9834C-A2B0-00C4-1F60-BB66BA607819}.Debug|Any CPU.Build.0 = Debug|Any CPU
		{31C9834C-A2B0-00C4-1F60-BB66BA607819}.Release|Any CPU.ActiveCfg = Release|Any CPU
		{31C9834C-A2B0-00C4-1F60-BB66BA607819}.Release|Any CPU.Build.0 = Release|Any CPU
	EndGlobalSection
	GlobalSection(SolutionProperties) = preSolution
		HideSolutionNode = FALSE
	EndGlobalSection
	GlobalSection(ExtensibilityGlobals) = postSolution
		SolutionGuid = {D271445B-18AE-4B24-A2A7-A4185FAE6588}
	EndGlobalSection
EndGlobal
